// !$*UTF8*$!
{
	archiveVersion = 1;
	classes = {
	};
	objectVersion = 46;
	objects = {

/* Begin PBXBuildFile section */
		26D2E83F94D83FA4E8824C98 /* Pods_SelfigramTests.framework in Frameworks */ = {isa = PBXBuildFile; fileRef = 1EBB2E0527E1477A06EC48BC /* Pods_SelfigramTests.framework */; };
		348DB379CEB9C712771A5833 /* Pods_SelfigramUITests.framework in Frameworks */ = {isa = PBXBuildFile; fileRef = 6B4BE5B7B8BD175605EFC3AF /* Pods_SelfigramUITests.framework */; };
		5206BF0FAE91B62DB8BDEAFE /* Pods_Selfigram.framework in Frameworks */ = {isa = PBXBuildFile; fileRef = EB158A52FE37917AABB06C2B /* Pods_Selfigram.framework */; };
		B60DD9801F45226A00B614DE /* Post.swift in Sources */ = {isa = PBXBuildFile; fileRef = B60DD97F1F45226A00B614DE /* Post.swift */; };
		B6174ACD1F4E601B006E19BA /* SelfieCell.swift in Sources */ = {isa = PBXBuildFile; fileRef = B6174ACC1F4E601B006E19BA /* SelfieCell.swift */; };
		B61E3D751F3C0A900039DFE7 /* AppDelegate.swift in Sources */ = {isa = PBXBuildFile; fileRef = B61E3D741F3C0A900039DFE7 /* AppDelegate.swift */; };
		B61E3D771F3C0A900039DFE7 /* ViewController.swift in Sources */ = {isa = PBXBuildFile; fileRef = B61E3D761F3C0A900039DFE7 /* ViewController.swift */; };
		B61E3D7A1F3C0A900039DFE7 /* Main.storyboard in Resources */ = {isa = PBXBuildFile; fileRef = B61E3D781F3C0A900039DFE7 /* Main.storyboard */; };
		B61E3D7F1F3C0A900039DFE7 /* LaunchScreen.storyboard in Resources */ = {isa = PBXBuildFile; fileRef = B61E3D7D1F3C0A900039DFE7 /* LaunchScreen.storyboard */; };
		B61E3D8A1F3C0A900039DFE7 /* SelfigramTests.swift in Sources */ = {isa = PBXBuildFile; fileRef = B61E3D891F3C0A900039DFE7 /* SelfigramTests.swift */; };
		B61E3D951F3C0A900039DFE7 /* SelfigramUITests.swift in Sources */ = {isa = PBXBuildFile; fileRef = B61E3D941F3C0A900039DFE7 /* SelfigramUITests.swift */; };
		B61E3DA31F3C0E500039DFE7 /* Assets.xcassets in Resources */ = {isa = PBXBuildFile; fileRef = B61E3DA21F3C0E500039DFE7 /* Assets.xcassets */; };
		B62925711F4BB77C00904710 /* FeedViewController.swift in Sources */ = {isa = PBXBuildFile; fileRef = B62925701F4BB77C00904710 /* FeedViewController.swift */; };
		B6478A4D1F4296E700BD2FC8 /* User.swift in Sources */ = {isa = PBXBuildFile; fileRef = B6478A4C1F4296E700BD2FC8 /* User.swift */; };
		B69081F11F4284BA00749E30 /* ProfileViewController.swift in Sources */ = {isa = PBXBuildFile; fileRef = B69081F01F4284BA00749E30 /* ProfileViewController.swift */; };
/* End PBXBuildFile section */

/* Begin PBXContainerItemProxy section */
		B61E3D861F3C0A900039DFE7 /* PBXContainerItemProxy */ = {
			isa = PBXContainerItemProxy;
			containerPortal = B61E3D691F3C0A900039DFE7 /* Project object */;
			proxyType = 1;
			remoteGlobalIDString = B61E3D701F3C0A900039DFE7;
			remoteInfo = Selfigram;
		};
		B61E3D911F3C0A900039DFE7 /* PBXContainerItemProxy */ = {
			isa = PBXContainerItemProxy;
			containerPortal = B61E3D691F3C0A900039DFE7 /* Project object */;
			proxyType = 1;
			remoteGlobalIDString = B61E3D701F3C0A900039DFE7;
			remoteInfo = Selfigram;
		};
/* End PBXContainerItemProxy section */

/* Begin PBXFileReference section */
		1EBB2E0527E1477A06EC48BC /* Pods_SelfigramTests.framework */ = {isa = PBXFileReference; explicitFileType = wrapper.framework; includeInIndex = 0; path = Pods_SelfigramTests.framework; sourceTree = BUILT_PRODUCTS_DIR; };
		538B0D9CC1A7FFCAF355B7A2 /* Pods-SelfigramTests.release.xcconfig */ = {isa = PBXFileReference; includeInIndex = 1; lastKnownFileType = text.xcconfig; name = "Pods-SelfigramTests.release.xcconfig"; path = "Pods/Target Support Files/Pods-SelfigramTests/Pods-SelfigramTests.release.xcconfig"; sourceTree = "<group>"; };
		61ED3122A6EE181CA72FDFBB /* Pods-SelfigramTests.debug.xcconfig */ = {isa = PBXFileReference; includeInIndex = 1; lastKnownFileType = text.xcconfig; name = "Pods-SelfigramTests.debug.xcconfig"; path = "Pods/Target Support Files/Pods-SelfigramTests/Pods-SelfigramTests.debug.xcconfig"; sourceTree = "<group>"; };
		6B4BE5B7B8BD175605EFC3AF /* Pods_SelfigramUITests.framework */ = {isa = PBXFileReference; explicitFileType = wrapper.framework; includeInIndex = 0; path = Pods_SelfigramUITests.framework; sourceTree = BUILT_PRODUCTS_DIR; };
		8880B159CBCB563C82932CF2 /* Pods-SelfigramUITests.debug.xcconfig */ = {isa = PBXFileReference; includeInIndex = 1; lastKnownFileType = text.xcconfig; name = "Pods-SelfigramUITests.debug.xcconfig"; path = "Pods/Target Support Files/Pods-SelfigramUITests/Pods-SelfigramUITests.debug.xcconfig"; sourceTree = "<group>"; };
		A52A3ED18D01F0206A07283B /* Pods-Selfigram.debug.xcconfig */ = {isa = PBXFileReference; includeInIndex = 1; lastKnownFileType = text.xcconfig; name = "Pods-Selfigram.debug.xcconfig"; path = "Pods/Target Support Files/Pods-Selfigram/Pods-Selfigram.debug.xcconfig"; sourceTree = "<group>"; };
		B60DD97F1F45226A00B614DE /* Post.swift */ = {isa = PBXFileReference; lastKnownFileType = sourcecode.swift; path = Post.swift; sourceTree = "<group>"; };
		B6174ACC1F4E601B006E19BA /* SelfieCell.swift */ = {isa = PBXFileReference; lastKnownFileType = sourcecode.swift; path = SelfieCell.swift; sourceTree = "<group>"; };
		B61E3D711F3C0A900039DFE7 /* Selfigram.app */ = {isa = PBXFileReference; explicitFileType = wrapper.application; includeInIndex = 0; path = Selfigram.app; sourceTree = BUILT_PRODUCTS_DIR; };
		B61E3D741F3C0A900039DFE7 /* AppDelegate.swift */ = {isa = PBXFileReference; lastKnownFileType = sourcecode.swift; path = AppDelegate.swift; sourceTree = "<group>"; };
		B61E3D761F3C0A900039DFE7 /* ViewController.swift */ = {isa = PBXFileReference; lastKnownFileType = sourcecode.swift; path = ViewController.swift; sourceTree = "<group>"; };
		B61E3D791F3C0A900039DFE7 /* Base */ = {isa = PBXFileReference; lastKnownFileType = file.storyboard; name = Base; path = Base.lproj/Main.storyboard; sourceTree = "<group>"; };
		B61E3D7E1F3C0A900039DFE7 /* Base */ = {isa = PBXFileReference; lastKnownFileType = file.storyboard; name = Base; path = Base.lproj/LaunchScreen.storyboard; sourceTree = "<group>"; };
		B61E3D801F3C0A900039DFE7 /* Info.plist */ = {isa = PBXFileReference; lastKnownFileType = text.plist.xml; path = Info.plist; sourceTree = "<group>"; };
		B61E3D851F3C0A900039DFE7 /* SelfigramTests.xctest */ = {isa = PBXFileReference; explicitFileType = wrapper.cfbundle; includeInIndex = 0; path = SelfigramTests.xctest; sourceTree = BUILT_PRODUCTS_DIR; };
		B61E3D891F3C0A900039DFE7 /* SelfigramTests.swift */ = {isa = PBXFileReference; lastKnownFileType = sourcecode.swift; path = SelfigramTests.swift; sourceTree = "<group>"; };
		B61E3D8B1F3C0A900039DFE7 /* Info.plist */ = {isa = PBXFileReference; lastKnownFileType = text.plist.xml; path = Info.plist; sourceTree = "<group>"; };
		B61E3D901F3C0A900039DFE7 /* SelfigramUITests.xctest */ = {isa = PBXFileReference; explicitFileType = wrapper.cfbundle; includeInIndex = 0; path = SelfigramUITests.xctest; sourceTree = BUILT_PRODUCTS_DIR; };
		B61E3D941F3C0A900039DFE7 /* SelfigramUITests.swift */ = {isa = PBXFileReference; lastKnownFileType = sourcecode.swift; path = SelfigramUITests.swift; sourceTree = "<group>"; };
		B61E3D961F3C0A900039DFE7 /* Info.plist */ = {isa = PBXFileReference; lastKnownFileType = text.plist.xml; path = Info.plist; sourceTree = "<group>"; };
		B61E3DA21F3C0E500039DFE7 /* Assets.xcassets */ = {isa = PBXFileReference; lastKnownFileType = folder.assetcatalog; path = Assets.xcassets; sourceTree = "<group>"; };
		B62925701F4BB77C00904710 /* FeedViewController.swift */ = {isa = PBXFileReference; lastKnownFileType = sourcecode.swift; path = FeedViewController.swift; sourceTree = "<group>"; };
		B6478A4C1F4296E700BD2FC8 /* User.swift */ = {isa = PBXFileReference; lastKnownFileType = sourcecode.swift; path = User.swift; sourceTree = "<group>"; };
		B69081F01F4284BA00749E30 /* ProfileViewController.swift */ = {isa = PBXFileReference; lastKnownFileType = sourcecode.swift; path = ProfileViewController.swift; sourceTree = "<group>"; };
		C476CC87B1EC4BC1922E1BAA /* Pods-Selfigram.release.xcconfig */ = {isa = PBXFileReference; includeInIndex = 1; lastKnownFileType = text.xcconfig; name = "Pods-Selfigram.release.xcconfig"; path = "Pods/Target Support Files/Pods-Selfigram/Pods-Selfigram.release.xcconfig"; sourceTree = "<group>"; };
		C4F68821D070FE0088969091 /* Pods-SelfigramUITests.release.xcconfig */ = {isa = PBXFileReference; includeInIndex = 1; lastKnownFileType = text.xcconfig; name = "Pods-SelfigramUITests.release.xcconfig"; path = "Pods/Target Support Files/Pods-SelfigramUITests/Pods-SelfigramUITests.release.xcconfig"; sourceTree = "<group>"; };
		EB158A52FE37917AABB06C2B /* Pods_Selfigram.framework */ = {isa = PBXFileReference; explicitFileType = wrapper.framework; includeInIndex = 0; path = Pods_Selfigram.framework; sourceTree = BUILT_PRODUCTS_DIR; };
/* End PBXFileReference section */

/* Begin PBXFrameworksBuildPhase section */
		B61E3D6E1F3C0A900039DFE7 /* Frameworks */ = {
			isa = PBXFrameworksBuildPhase;
			buildActionMask = 2147483647;
			files = (
				5206BF0FAE91B62DB8BDEAFE /* Pods_Selfigram.framework in Frameworks */,
			);
			runOnlyForDeploymentPostprocessing = 0;
		};
		B61E3D821F3C0A900039DFE7 /* Frameworks */ = {
			isa = PBXFrameworksBuildPhase;
			buildActionMask = 2147483647;
			files = (
				26D2E83F94D83FA4E8824C98 /* Pods_SelfigramTests.framework in Frameworks */,
			);
			runOnlyForDeploymentPostprocessing = 0;
		};
		B61E3D8D1F3C0A900039DFE7 /* Frameworks */ = {
			isa = PBXFrameworksBuildPhase;
			buildActionMask = 2147483647;
			files = (
				348DB379CEB9C712771A5833 /* Pods_SelfigramUITests.framework in Frameworks */,
			);
			runOnlyForDeploymentPostprocessing = 0;
		};
/* End PBXFrameworksBuildPhase section */

/* Begin PBXGroup section */
		B6174ACE1F4E605C006E19BA /* Customizations */ = {
			isa = PBXGroup;
			children = (
				B60DD97F1F45226A00B614DE /* Post.swift */,
				B6478A4C1F4296E700BD2FC8 /* User.swift */,
				B6174ACC1F4E601B006E19BA /* SelfieCell.swift */,
			);
			path = Customizations;
			sourceTree = "<group>";
		};
		B61E3D681F3C0A900039DFE7 = {
			isa = PBXGroup;
			children = (
				B61E3D731F3C0A900039DFE7 /* Selfigram */,
				B61E3D881F3C0A900039DFE7 /* SelfigramTests */,
				B61E3D931F3C0A900039DFE7 /* SelfigramUITests */,
				B61E3D721F3C0A900039DFE7 /* Products */,
				EF1F3AD706FC8BAF792739A3 /* Pods */,
				D8E5C705609FD8705AA040AF /* Frameworks */,
			);
			sourceTree = "<group>";
		};
		B61E3D721F3C0A900039DFE7 /* Products */ = {
			isa = PBXGroup;
			children = (
				B61E3D711F3C0A900039DFE7 /* Selfigram.app */,
				B61E3D851F3C0A900039DFE7 /* SelfigramTests.xctest */,
				B61E3D901F3C0A900039DFE7 /* SelfigramUITests.xctest */,
			);
			name = Products;
			sourceTree = "<group>";
		};
		B61E3D731F3C0A900039DFE7 /* Selfigram */ = {
			isa = PBXGroup;
			children = (
				B6174ACE1F4E605C006E19BA /* Customizations */,
				B61E3D741F3C0A900039DFE7 /* AppDelegate.swift */,
				B61E3D761F3C0A900039DFE7 /* ViewController.swift */,
				B62925701F4BB77C00904710 /* FeedViewController.swift */,
				B69081F01F4284BA00749E30 /* ProfileViewController.swift */,
				B61E3D781F3C0A900039DFE7 /* Main.storyboard */,
				B61E3DA21F3C0E500039DFE7 /* Assets.xcassets */,
				B61E3D7D1F3C0A900039DFE7 /* LaunchScreen.storyboard */,
				B61E3D801F3C0A900039DFE7 /* Info.plist */,
			);
			path = Selfigram;
			sourceTree = "<group>";
		};
		B61E3D881F3C0A900039DFE7 /* SelfigramTests */ = {
			isa = PBXGroup;
			children = (
				B61E3D891F3C0A900039DFE7 /* SelfigramTests.swift */,
				B61E3D8B1F3C0A900039DFE7 /* Info.plist */,
			);
			path = SelfigramTests;
			sourceTree = "<group>";
		};
		B61E3D931F3C0A900039DFE7 /* SelfigramUITests */ = {
			isa = PBXGroup;
			children = (
				B61E3D941F3C0A900039DFE7 /* SelfigramUITests.swift */,
				B61E3D961F3C0A900039DFE7 /* Info.plist */,
			);
			path = SelfigramUITests;
			sourceTree = "<group>";
		};
		D8E5C705609FD8705AA040AF /* Frameworks */ = {
			isa = PBXGroup;
			children = (
				EB158A52FE37917AABB06C2B /* Pods_Selfigram.framework */,
				1EBB2E0527E1477A06EC48BC /* Pods_SelfigramTests.framework */,
				6B4BE5B7B8BD175605EFC3AF /* Pods_SelfigramUITests.framework */,
			);
			name = Frameworks;
			sourceTree = "<group>";
		};
		EF1F3AD706FC8BAF792739A3 /* Pods */ = {
			isa = PBXGroup;
			children = (
				A52A3ED18D01F0206A07283B /* Pods-Selfigram.debug.xcconfig */,
				C476CC87B1EC4BC1922E1BAA /* Pods-Selfigram.release.xcconfig */,
				61ED3122A6EE181CA72FDFBB /* Pods-SelfigramTests.debug.xcconfig */,
				538B0D9CC1A7FFCAF355B7A2 /* Pods-SelfigramTests.release.xcconfig */,
				8880B159CBCB563C82932CF2 /* Pods-SelfigramUITests.debug.xcconfig */,
				C4F68821D070FE0088969091 /* Pods-SelfigramUITests.release.xcconfig */,
			);
			name = Pods;
			sourceTree = "<group>";
		};
/* End PBXGroup section */

/* Begin PBXNativeTarget section */
		B61E3D701F3C0A900039DFE7 /* Selfigram */ = {
			isa = PBXNativeTarget;
			buildConfigurationList = B61E3D991F3C0A900039DFE7 /* Build configuration list for PBXNativeTarget "Selfigram" */;
			buildPhases = (
				22C5ED1FB1504F3279AECACA /* [CP] Check Pods Manifest.lock */,
				B61E3D6D1F3C0A900039DFE7 /* Sources */,
				B61E3D6E1F3C0A900039DFE7 /* Frameworks */,
				B61E3D6F1F3C0A900039DFE7 /* Resources */,
				3D6296EEAF3C20199AAA09F8 /* [CP] Embed Pods Frameworks */,
				72A9F2C0CE4BBEC2E1BF284A /* [CP] Copy Pods Resources */,
			);
			buildRules = (
			);
			dependencies = (
			);
			name = Selfigram;
			productName = Selfigram;
			productReference = B61E3D711F3C0A900039DFE7 /* Selfigram.app */;
			productType = "com.apple.product-type.application";
		};
		B61E3D841F3C0A900039DFE7 /* SelfigramTests */ = {
			isa = PBXNativeTarget;
			buildConfigurationList = B61E3D9C1F3C0A900039DFE7 /* Build configuration list for PBXNativeTarget "SelfigramTests" */;
			buildPhases = (
				AB66AAA254BDAD5357541B85 /* [CP] Check Pods Manifest.lock */,
				B61E3D811F3C0A900039DFE7 /* Sources */,
				B61E3D821F3C0A900039DFE7 /* Frameworks */,
				B61E3D831F3C0A900039DFE7 /* Resources */,
				4E3FC053FD40A5D1CA315409 /* [CP] Embed Pods Frameworks */,
				1E5BC895A6A698D94D16627E /* [CP] Copy Pods Resources */,
			);
			buildRules = (
			);
			dependencies = (
				B61E3D871F3C0A900039DFE7 /* PBXTargetDependency */,
			);
			name = SelfigramTests;
			productName = SelfigramTests;
			productReference = B61E3D851F3C0A900039DFE7 /* SelfigramTests.xctest */;
			productType = "com.apple.product-type.bundle.unit-test";
		};
		B61E3D8F1F3C0A900039DFE7 /* SelfigramUITests */ = {
			isa = PBXNativeTarget;
			buildConfigurationList = B61E3D9F1F3C0A900039DFE7 /* Build configuration list for PBXNativeTarget "SelfigramUITests" */;
			buildPhases = (
				A1ABD0F4D6FAC0F7BC6880D5 /* [CP] Check Pods Manifest.lock */,
				B61E3D8C1F3C0A900039DFE7 /* Sources */,
				B61E3D8D1F3C0A900039DFE7 /* Frameworks */,
				B61E3D8E1F3C0A900039DFE7 /* Resources */,
				F94EF1A770F29D7655EAD2B6 /* [CP] Embed Pods Frameworks */,
				E157C3B7BBD4EB233BB22F1D /* [CP] Copy Pods Resources */,
			);
			buildRules = (
			);
			dependencies = (
				B61E3D921F3C0A900039DFE7 /* PBXTargetDependency */,
			);
			name = SelfigramUITests;
			productName = SelfigramUITests;
			productReference = B61E3D901F3C0A900039DFE7 /* SelfigramUITests.xctest */;
			productType = "com.apple.product-type.bundle.ui-testing";
		};
/* End PBXNativeTarget section */

/* Begin PBXProject section */
		B61E3D691F3C0A900039DFE7 /* Project object */ = {
			isa = PBXProject;
			attributes = {
				LastSwiftUpdateCheck = 0830;
				LastUpgradeCheck = 0900;
				ORGANIZATIONNAME = "Matt Peatling";
				TargetAttributes = {
					B61E3D701F3C0A900039DFE7 = {
						CreatedOnToolsVersion = 8.3.3;
						DevelopmentTeam = S3WZ93TWSZ;
						LastSwiftMigration = 0900;
						ProvisioningStyle = Automatic;
					};
					B61E3D841F3C0A900039DFE7 = {
						CreatedOnToolsVersion = 8.3.3;
						LastSwiftMigration = 0900;
						ProvisioningStyle = Automatic;
						TestTargetID = B61E3D701F3C0A900039DFE7;
					};
					B61E3D8F1F3C0A900039DFE7 = {
						CreatedOnToolsVersion = 8.3.3;
						LastSwiftMigration = 0900;
						ProvisioningStyle = Automatic;
						TestTargetID = B61E3D701F3C0A900039DFE7;
					};
				};
			};
			buildConfigurationList = B61E3D6C1F3C0A900039DFE7 /* Build configuration list for PBXProject "Selfigram" */;
			compatibilityVersion = "Xcode 3.2";
			developmentRegion = English;
			hasScannedForEncodings = 0;
			knownRegions = (
				en,
				Base,
			);
			mainGroup = B61E3D681F3C0A900039DFE7;
			productRefGroup = B61E3D721F3C0A900039DFE7 /* Products */;
			projectDirPath = "";
			projectRoot = "";
			targets = (
				B61E3D701F3C0A900039DFE7 /* Selfigram */,
				B61E3D841F3C0A900039DFE7 /* SelfigramTests */,
				B61E3D8F1F3C0A900039DFE7 /* SelfigramUITests */,
			);
		};
/* End PBXProject section */

/* Begin PBXResourcesBuildPhase section */
		B61E3D6F1F3C0A900039DFE7 /* Resources */ = {
			isa = PBXResourcesBuildPhase;
			buildActionMask = 2147483647;
			files = (
				B61E3D7F1F3C0A900039DFE7 /* LaunchScreen.storyboard in Resources */,
				B61E3DA31F3C0E500039DFE7 /* Assets.xcassets in Resources */,
				B61E3D7A1F3C0A900039DFE7 /* Main.storyboard in Resources */,
			);
			runOnlyForDeploymentPostprocessing = 0;
		};
		B61E3D831F3C0A900039DFE7 /* Resources */ = {
			isa = PBXResourcesBuildPhase;
			buildActionMask = 2147483647;
			files = (
			);
			runOnlyForDeploymentPostprocessing = 0;
		};
		B61E3D8E1F3C0A900039DFE7 /* Resources */ = {
			isa = PBXResourcesBuildPhase;
			buildActionMask = 2147483647;
			files = (
			);
			runOnlyForDeploymentPostprocessing = 0;
		};
/* End PBXResourcesBuildPhase section */

/* Begin PBXShellScriptBuildPhase section */
		1E5BC895A6A698D94D16627E /* [CP] Copy Pods Resources */ = {
			isa = PBXShellScriptBuildPhase;
			buildActionMask = 2147483647;
			files = (
			);
			inputPaths = (
			);
			name = "[CP] Copy Pods Resources";
			outputPaths = (
			);
			runOnlyForDeploymentPostprocessing = 0;
			shellPath = /bin/sh;
			shellScript = "\"${SRCROOT}/Pods/Target Support Files/Pods-SelfigramTests/Pods-SelfigramTests-resources.sh\"\n";
			showEnvVarsInLog = 0;
		};
		22C5ED1FB1504F3279AECACA /* [CP] Check Pods Manifest.lock */ = {
			isa = PBXShellScriptBuildPhase;
			buildActionMask = 2147483647;
			files = (
			);
			inputPaths = (
				"${PODS_PODFILE_DIR_PATH}/Podfile.lock",
				"${PODS_ROOT}/Manifest.lock",
			);
			name = "[CP] Check Pods Manifest.lock";
			outputPaths = (
				"$(DERIVED_FILE_DIR)/Pods-Selfigram-checkManifestLockResult.txt",
			);
			runOnlyForDeploymentPostprocessing = 0;
			shellPath = /bin/sh;
			shellScript = "diff \"${PODS_PODFILE_DIR_PATH}/Podfile.lock\" \"${PODS_ROOT}/Manifest.lock\" > /dev/null\nif [ $? != 0 ] ; then\n    # print error to STDERR\n    echo \"error: The sandbox is not in sync with the Podfile.lock. Run 'pod install' or update your CocoaPods installation.\" >&2\n    exit 1\nfi\n# This output is used by Xcode 'outputs' to avoid re-running this script phase.\necho \"SUCCESS\" > \"${SCRIPT_OUTPUT_FILE_0}\"\n";
			showEnvVarsInLog = 0;
		};
		3D6296EEAF3C20199AAA09F8 /* [CP] Embed Pods Frameworks */ = {
			isa = PBXShellScriptBuildPhase;
			buildActionMask = 2147483647;
			files = (
			);
			inputPaths = (
				"${SRCROOT}/Pods/Target Support Files/Pods-Selfigram/Pods-Selfigram-frameworks.sh",
				"${BUILT_PRODUCTS_DIR}/Bolts/Bolts.framework",
				"${BUILT_PRODUCTS_DIR}/Parse/Parse.framework",
			);
			name = "[CP] Embed Pods Frameworks";
			outputPaths = (
				"${TARGET_BUILD_DIR}/${FRAMEWORKS_FOLDER_PATH}/Bolts.framework",
				"${TARGET_BUILD_DIR}/${FRAMEWORKS_FOLDER_PATH}/Parse.framework",
			);
			runOnlyForDeploymentPostprocessing = 0;
			shellPath = /bin/sh;
			shellScript = "\"${SRCROOT}/Pods/Target Support Files/Pods-Selfigram/Pods-Selfigram-frameworks.sh\"\n";
			showEnvVarsInLog = 0;
		};
		4E3FC053FD40A5D1CA315409 /* [CP] Embed Pods Frameworks */ = {
			isa = PBXShellScriptBuildPhase;
			buildActionMask = 2147483647;
			files = (
			);
			inputPaths = (
			);
			name = "[CP] Embed Pods Frameworks";
			outputPaths = (
			);
			runOnlyForDeploymentPostprocessing = 0;
			shellPath = /bin/sh;
			shellScript = "\"${SRCROOT}/Pods/Target Support Files/Pods-SelfigramTests/Pods-SelfigramTests-frameworks.sh\"\n";
			showEnvVarsInLog = 0;
		};
		72A9F2C0CE4BBEC2E1BF284A /* [CP] Copy Pods Resources */ = {
			isa = PBXShellScriptBuildPhase;
			buildActionMask = 2147483647;
			files = (
			);
			inputPaths = (
			);
			name = "[CP] Copy Pods Resources";
			outputPaths = (
			);
			runOnlyForDeploymentPostprocessing = 0;
			shellPath = /bin/sh;
			shellScript = "\"${SRCROOT}/Pods/Target Support Files/Pods-Selfigram/Pods-Selfigram-resources.sh\"\n";
			showEnvVarsInLog = 0;
		};
		A1ABD0F4D6FAC0F7BC6880D5 /* [CP] Check Pods Manifest.lock */ = {
			isa = PBXShellScriptBuildPhase;
			buildActionMask = 2147483647;
			files = (
			);
			inputPaths = (
				"${PODS_PODFILE_DIR_PATH}/Podfile.lock",
				"${PODS_ROOT}/Manifest.lock",
			);
			name = "[CP] Check Pods Manifest.lock";
			outputPaths = (
				"$(DERIVED_FILE_DIR)/Pods-SelfigramUITests-checkManifestLockResult.txt",
			);
			runOnlyForDeploymentPostprocessing = 0;
			shellPath = /bin/sh;
			shellScript = "diff \"${PODS_PODFILE_DIR_PATH}/Podfile.lock\" \"${PODS_ROOT}/Manifest.lock\" > /dev/null\nif [ $? != 0 ] ; then\n    # print error to STDERR\n    echo \"error: The sandbox is not in sync with the Podfile.lock. Run 'pod install' or update your CocoaPods installation.\" >&2\n    exit 1\nfi\n# This output is used by Xcode 'outputs' to avoid re-running this script phase.\necho \"SUCCESS\" > \"${SCRIPT_OUTPUT_FILE_0}\"\n";
			showEnvVarsInLog = 0;
		};
		AB66AAA254BDAD5357541B85 /* [CP] Check Pods Manifest.lock */ = {
			isa = PBXShellScriptBuildPhase;
			buildActionMask = 2147483647;
			files = (
			);
			inputPaths = (
				"${PODS_PODFILE_DIR_PATH}/Podfile.lock",
				"${PODS_ROOT}/Manifest.lock",
			);
			name = "[CP] Check Pods Manifest.lock";
			outputPaths = (
				"$(DERIVED_FILE_DIR)/Pods-SelfigramTests-checkManifestLockResult.txt",
			);
			runOnlyForDeploymentPostprocessing = 0;
			shellPath = /bin/sh;
			shellScript = "diff \"${PODS_PODFILE_DIR_PATH}/Podfile.lock\" \"${PODS_ROOT}/Manifest.lock\" > /dev/null\nif [ $? != 0 ] ; then\n    # print error to STDERR\n    echo \"error: The sandbox is not in sync with the Podfile.lock. Run 'pod install' or update your CocoaPods installation.\" >&2\n    exit 1\nfi\n# This output is used by Xcode 'outputs' to avoid re-running this script phase.\necho \"SUCCESS\" > \"${SCRIPT_OUTPUT_FILE_0}\"\n";
			showEnvVarsInLog = 0;
		};
		E157C3B7BBD4EB233BB22F1D /* [CP] Copy Pods Resources */ = {
			isa = PBXShellScriptBuildPhase;
			buildActionMask = 2147483647;
			files = (
			);
			inputPaths = (
			);
			name = "[CP] Copy Pods Resources";
			outputPaths = (
			);
			runOnlyForDeploymentPostprocessing = 0;
			shellPath = /bin/sh;
			shellScript = "\"${SRCROOT}/Pods/Target Support Files/Pods-SelfigramUITests/Pods-SelfigramUITests-resources.sh\"\n";
			showEnvVarsInLog = 0;
		};
		F94EF1A770F29D7655EAD2B6 /* [CP] Embed Pods Frameworks */ = {
			isa = PBXShellScriptBuildPhase;
			buildActionMask = 2147483647;
			files = (
			);
			inputPaths = (
			);
			name = "[CP] Embed Pods Frameworks";
			outputPaths = (
			);
			runOnlyForDeploymentPostprocessing = 0;
			shellPath = /bin/sh;
			shellScript = "\"${SRCROOT}/Pods/Target Support Files/Pods-SelfigramUITests/Pods-SelfigramUITests-frameworks.sh\"\n";
			showEnvVarsInLog = 0;
		};
/* End PBXShellScriptBuildPhase section */

/* Begin PBXSourcesBuildPhase section */
		B61E3D6D1F3C0A900039DFE7 /* Sources */ = {
			isa = PBXSourcesBuildPhase;
			buildActionMask = 2147483647;
			files = (
				B6478A4D1F4296E700BD2FC8 /* User.swift in Sources */,
				B69081F11F4284BA00749E30 /* ProfileViewController.swift in Sources */,
				B6174ACD1F4E601B006E19BA /* SelfieCell.swift in Sources */,
				B61E3D771F3C0A900039DFE7 /* ViewController.swift in Sources */,
				B61E3D751F3C0A900039DFE7 /* AppDelegate.swift in Sources */,
				B62925711F4BB77C00904710 /* FeedViewController.swift in Sources */,
				B60DD9801F45226A00B614DE /* Post.swift in Sources */,
			);
			runOnlyForDeploymentPostprocessing = 0;
		};
		B61E3D811F3C0A900039DFE7 /* Sources */ = {
			isa = PBXSourcesBuildPhase;
			buildActionMask = 2147483647;
			files = (
				B61E3D8A1F3C0A900039DFE7 /* SelfigramTests.swift in Sources */,
			);
			runOnlyForDeploymentPostprocessing = 0;
		};
		B61E3D8C1F3C0A900039DFE7 /* Sources */ = {
			isa = PBXSourcesBuildPhase;
			buildActionMask = 2147483647;
			files = (
				B61E3D951F3C0A900039DFE7 /* SelfigramUITests.swift in Sources */,
			);
			runOnlyForDeploymentPostprocessing = 0;
		};
/* End PBXSourcesBuildPhase section */

/* Begin PBXTargetDependency section */
		B61E3D871F3C0A900039DFE7 /* PBXTargetDependency */ = {
			isa = PBXTargetDependency;
			target = B61E3D701F3C0A900039DFE7 /* Selfigram */;
			targetProxy = B61E3D861F3C0A900039DFE7 /* PBXContainerItemProxy */;
		};
		B61E3D921F3C0A900039DFE7 /* PBXTargetDependency */ = {
			isa = PBXTargetDependency;
			target = B61E3D701F3C0A900039DFE7 /* Selfigram */;
			targetProxy = B61E3D911F3C0A900039DFE7 /* PBXContainerItemProxy */;
		};
/* End PBXTargetDependency section */

/* Begin PBXVariantGroup section */
		B61E3D781F3C0A900039DFE7 /* Main.storyboard */ = {
			isa = PBXVariantGroup;
			children = (
				B61E3D791F3C0A900039DFE7 /* Base */,
			);
			name = Main.storyboard;
			sourceTree = "<group>";
		};
		B61E3D7D1F3C0A900039DFE7 /* LaunchScreen.storyboard */ = {
			isa = PBXVariantGroup;
			children = (
				B61E3D7E1F3C0A900039DFE7 /* Base */,
			);
			name = LaunchScreen.storyboard;
			sourceTree = "<group>";
		};
/* End PBXVariantGroup section */

/* Begin XCBuildConfiguration section */
		B61E3D971F3C0A900039DFE7 /* Debug */ = {
			isa = XCBuildConfiguration;
			buildSettings = {
				ALWAYS_SEARCH_USER_PATHS = NO;
				CLANG_ANALYZER_NONNULL = YES;
				CLANG_ANALYZER_NUMBER_OBJECT_CONVERSION = YES_AGGRESSIVE;
				CLANG_CXX_LANGUAGE_STANDARD = "gnu++0x";
				CLANG_CXX_LIBRARY = "libc++";
				CLANG_ENABLE_MODULES = YES;
				CLANG_ENABLE_OBJC_ARC = YES;
				CLANG_WARN_BLOCK_CAPTURE_AUTORELEASING = YES;
				CLANG_WARN_BOOL_CONVERSION = YES;
				CLANG_WARN_COMMA = YES;
				CLANG_WARN_CONSTANT_CONVERSION = YES;
				CLANG_WARN_DIRECT_OBJC_ISA_USAGE = YES_ERROR;
				CLANG_WARN_DOCUMENTATION_COMMENTS = YES;
				CLANG_WARN_EMPTY_BODY = YES;
				CLANG_WARN_ENUM_CONVERSION = YES;
				CLANG_WARN_INFINITE_RECURSION = YES;
				CLANG_WARN_INT_CONVERSION = YES;
				CLANG_WARN_NON_LITERAL_NULL_CONVERSION = YES;
				CLANG_WARN_OBJC_LITERAL_CONVERSION = YES;
				CLANG_WARN_OBJC_ROOT_CLASS = YES_ERROR;
				CLANG_WARN_RANGE_LOOP_ANALYSIS = YES;
				CLANG_WARN_STRICT_PROTOTYPES = YES;
				CLANG_WARN_SUSPICIOUS_MOVE = YES;
				CLANG_WARN_UNREACHABLE_CODE = YES;
				CLANG_WARN__DUPLICATE_METHOD_MATCH = YES;
				"CODE_SIGN_IDENTITY[sdk=iphoneos*]" = "iPhone Developer";
				COPY_PHASE_STRIP = NO;
				DEBUG_INFORMATION_FORMAT = dwarf;
				ENABLE_STRICT_OBJC_MSGSEND = YES;
				ENABLE_TESTABILITY = YES;
				GCC_C_LANGUAGE_STANDARD = gnu99;
				GCC_DYNAMIC_NO_PIC = NO;
				GCC_NO_COMMON_BLOCKS = YES;
				GCC_OPTIMIZATION_LEVEL = 0;
				GCC_PREPROCESSOR_DEFINITIONS = (
					"DEBUG=1",
					"$(inherited)",
				);
				GCC_WARN_64_TO_32_BIT_CONVERSION = YES;
				GCC_WARN_ABOUT_RETURN_TYPE = YES_ERROR;
				GCC_WARN_UNDECLARED_SELECTOR = YES;
				GCC_WARN_UNINITIALIZED_AUTOS = YES_AGGRESSIVE;
				GCC_WARN_UNUSED_FUNCTION = YES;
				GCC_WARN_UNUSED_VARIABLE = YES;
				IPHONEOS_DEPLOYMENT_TARGET = 10.3;
				MTL_ENABLE_DEBUG_INFO = YES;
				ONLY_ACTIVE_ARCH = YES;
				SDKROOT = iphoneos;
				SWIFT_ACTIVE_COMPILATION_CONDITIONS = DEBUG;
				SWIFT_OPTIMIZATION_LEVEL = "-Onone";
				TARGETED_DEVICE_FAMILY = "1,2";
			};
			name = Debug;
		};
		B61E3D981F3C0A900039DFE7 /* Release */ = {
			isa = XCBuildConfiguration;
			buildSettings = {
				ALWAYS_SEARCH_USER_PATHS = NO;
				CLANG_ANALYZER_NONNULL = YES;
				CLANG_ANALYZER_NUMBER_OBJECT_CONVERSION = YES_AGGRESSIVE;
				CLANG_CXX_LANGUAGE_STANDARD = "gnu++0x";
				CLANG_CXX_LIBRARY = "libc++";
				CLANG_ENABLE_MODULES = YES;
				CLANG_ENABLE_OBJC_ARC = YES;
				CLANG_WARN_BLOCK_CAPTURE_AUTORELEASING = YES;
				CLANG_WARN_BOOL_CONVERSION = YES;
				CLANG_WARN_COMMA = YES;
				CLANG_WARN_CONSTANT_CONVERSION = YES;
				CLANG_WARN_DIRECT_OBJC_ISA_USAGE = YES_ERROR;
				CLANG_WARN_DOCUMENTATION_COMMENTS = YES;
				CLANG_WARN_EMPTY_BODY = YES;
				CLANG_WARN_ENUM_CONVERSION = YES;
				CLANG_WARN_INFINITE_RECURSION = YES;
				CLANG_WARN_INT_CONVERSION = YES;
				CLANG_WARN_NON_LITERAL_NULL_CONVERSION = YES;
				CLANG_WARN_OBJC_LITERAL_CONVERSION = YES;
				CLANG_WARN_OBJC_ROOT_CLASS = YES_ERROR;
				CLANG_WARN_RANGE_LOOP_ANALYSIS = YES;
				CLANG_WARN_STRICT_PROTOTYPES = YES;
				CLANG_WARN_SUSPICIOUS_MOVE = YES;
				CLANG_WARN_UNREACHABLE_CODE = YES;
				CLANG_WARN__DUPLICATE_METHOD_MATCH = YES;
				"CODE_SIGN_IDENTITY[sdk=iphoneos*]" = "iPhone Developer";
				COPY_PHASE_STRIP = NO;
				DEBUG_INFORMATION_FORMAT = "dwarf-with-dsym";
				ENABLE_NS_ASSERTIONS = NO;
				ENABLE_STRICT_OBJC_MSGSEND = YES;
				GCC_C_LANGUAGE_STANDARD = gnu99;
				GCC_NO_COMMON_BLOCKS = YES;
				GCC_WARN_64_TO_32_BIT_CONVERSION = YES;
				GCC_WARN_ABOUT_RETURN_TYPE = YES_ERROR;
				GCC_WARN_UNDECLARED_SELECTOR = YES;
				GCC_WARN_UNINITIALIZED_AUTOS = YES_AGGRESSIVE;
				GCC_WARN_UNUSED_FUNCTION = YES;
				GCC_WARN_UNUSED_VARIABLE = YES;
				IPHONEOS_DEPLOYMENT_TARGET = 10.3;
				MTL_ENABLE_DEBUG_INFO = NO;
				SDKROOT = iphoneos;
				SWIFT_OPTIMIZATION_LEVEL = "-Owholemodule";
				TARGETED_DEVICE_FAMILY = "1,2";
				VALIDATE_PRODUCT = YES;
			};
			name = Release;
		};
		B61E3D9A1F3C0A900039DFE7 /* Debug */ = {
			isa = XCBuildConfiguration;
			baseConfigurationReference = A52A3ED18D01F0206A07283B /* Pods-Selfigram.debug.xcconfig */;
			buildSettings = {
				ASSETCATALOG_COMPILER_APPICON_NAME = AppIcon;
				DEVELOPMENT_TEAM = S3WZ93TWSZ;
				INFOPLIST_FILE = Selfigram/Info.plist;
				LD_RUNPATH_SEARCH_PATHS = "$(inherited) @executable_path/Frameworks";
				PRODUCT_BUNDLE_IDENTIFIER = mpeatling.Selfigram;
				PRODUCT_NAME = "$(TARGET_NAME)";
				SWIFT_SWIFT3_OBJC_INFERENCE = On;
				SWIFT_VERSION = 4.0;
			};
			name = Debug;
		};
		B61E3D9B1F3C0A900039DFE7 /* Release */ = {
			isa = XCBuildConfiguration;
			baseConfigurationReference = C476CC87B1EC4BC1922E1BAA /* Pods-Selfigram.release.xcconfig */;
			buildSettings = {
				ASSETCATALOG_COMPILER_APPICON_NAME = AppIcon;
				DEVELOPMENT_TEAM = S3WZ93TWSZ;
				INFOPLIST_FILE = Selfigram/Info.plist;
				LD_RUNPATH_SEARCH_PATHS = "$(inherited) @executable_path/Frameworks";
				PRODUCT_BUNDLE_IDENTIFIER = mpeatling.Selfigram;
				PRODUCT_NAME = "$(TARGET_NAME)";
				SWIFT_SWIFT3_OBJC_INFERENCE = On;
				SWIFT_VERSION = 4.0;
			};
			name = Release;
		};
		B61E3D9D1F3C0A900039DFE7 /* Debug */ = {
			isa = XCBuildConfiguration;
			baseConfigurationReference = 61ED3122A6EE181CA72FDFBB /* Pods-SelfigramTests.debug.xcconfig */;
			buildSettings = {
				ALWAYS_EMBED_SWIFT_STANDARD_LIBRARIES = YES;
				BUNDLE_LOADER = "$(TEST_HOST)";
				INFOPLIST_FILE = SelfigramTests/Info.plist;
				LD_RUNPATH_SEARCH_PATHS = "$(inherited) @executable_path/Frameworks @loader_path/Frameworks";
				PRODUCT_BUNDLE_IDENTIFIER = mpeatling.SelfigramTests;
				PRODUCT_NAME = "$(TARGET_NAME)";
				SWIFT_SWIFT3_OBJC_INFERENCE = On;
				SWIFT_VERSION = 4.0;
				TEST_HOST = "$(BUILT_PRODUCTS_DIR)/Selfigram.app/Selfigram";
			};
			name = Debug;
		};
		B61E3D9E1F3C0A900039DFE7 /* Release */ = {
			isa = XCBuildConfiguration;
			baseConfigurationReference = 538B0D9CC1A7FFCAF355B7A2 /* Pods-SelfigramTests.release.xcconfig */;
			buildSettings = {
				ALWAYS_EMBED_SWIFT_STANDARD_LIBRARIES = YES;
				BUNDLE_LOADER = "$(TEST_HOST)";
				INFOPLIST_FILE = SelfigramTests/Info.plist;
				LD_RUNPATH_SEARCH_PATHS = "$(inherited) @executable_path/Frameworks @loader_path/Frameworks";
				PRODUCT_BUNDLE_IDENTIFIER = mpeatling.SelfigramTests;
				PRODUCT_NAME = "$(TARGET_NAME)";
				SWIFT_SWIFT3_OBJC_INFERENCE = On;
				SWIFT_VERSION = 4.0;
				TEST_HOST = "$(BUILT_PRODUCTS_DIR)/Selfigram.app/Selfigram";
			};
			name = Release;
		};
		B61E3DA01F3C0A900039DFE7 /* Debug */ = {
			isa = XCBuildConfiguration;
			baseConfigurationReference = 8880B159CBCB563C82932CF2 /* Pods-SelfigramUITests.debug.xcconfig */;
			buildSettings = {
				ALWAYS_EMBED_SWIFT_STANDARD_LIBRARIES = YES;
				INFOPLIST_FILE = SelfigramUITests/Info.plist;
				LD_RUNPATH_SEARCH_PATHS = "$(inherited) @executable_path/Frameworks @loader_path/Frameworks";
				PRODUCT_BUNDLE_IDENTIFIER = mpeatling.SelfigramUITests;
				PRODUCT_NAME = "$(TARGET_NAME)";
				SWIFT_SWIFT3_OBJC_INFERENCE = On;
				SWIFT_VERSION = 4.0;
				TEST_TARGET_NAME = Selfigram;
			};
			name = Debug;
		};
		B61E3DA11F3C0A900039DFE7 /* Release */ = {
			isa = XCBuildConfiguration;
			baseConfigurationReference = C4F68821D070FE0088969091 /* Pods-SelfigramUITests.release.xcconfig */;
			buildSettings = {
				ALWAYS_EMBED_SWIFT_STANDARD_LIBRARIES = YES;
				INFOPLIST_FILE = SelfigramUITests/Info.plist;
				LD_RUNPATH_SEARCH_PATHS = "$(inherited) @executable_path/Frameworks @loader_path/Frameworks";
				PRODUCT_BUNDLE_IDENTIFIER = mpeatling.SelfigramUITests;
				PRODUCT_NAME = "$(TARGET_NAME)";
				SWIFT_SWIFT3_OBJC_INFERENCE = On;
				SWIFT_VERSION = 4.0;
				TEST_TARGET_NAME = Selfigram;
			};
			name = Release;
		};
/* End XCBuildConfiguration section */

/* Begin XCConfigurationList section */
		B61E3D6C1F3C0A900039DFE7 /* Build configuration list for PBXProject "Selfigram" */ = {
			isa = XCConfigurationList;
			buildConfigurations = (
				B61E3D971F3C0A900039DFE7 /* Debug */,
				B61E3D981F3C0A900039DFE7 /* Release */,
			);
			defaultConfigurationIsVisible = 0;
			defaultConfigurationName = Release;
		};
		B61E3D991F3C0A900039DFE7 /* Build configuration list for PBXNativeTarget "Selfigram" */ = {
			isa = XCConfigurationList;
			buildConfigurations = (
				B61E3D9A1F3C0A900039DFE7 /* Debug */,
				B61E3D9B1F3C0A900039DFE7 /* Release */,
			);
			defaultConfigurationIsVisible = 0;
			defaultConfigurationName = Release;
		};
		B61E3D9C1F3C0A900039DFE7 /* Build configuration list for PBXNativeTarget "SelfigramTests" */ = {
			isa = XCConfigurationList;
			buildConfigurations = (
				B61E3D9D1F3C0A900039DFE7 /* Debug */,
				B61E3D9E1F3C0A900039DFE7 /* Release */,
			);
			defaultConfigurationIsVisible = 0;
			defaultConfigurationName = Release;
		};
		B61E3D9F1F3C0A900039DFE7 /* Build configuration list for PBXNativeTarget "SelfigramUITests" */ = {
			isa = XCConfigurationList;
			buildConfigurations = (
				B61E3DA01F3C0A900039DFE7 /* Debug */,
				B61E3DA11F3C0A900039DFE7 /* Release */,
			);
			defaultConfigurationIsVisible = 0;
			defaultConfigurationName = Release;
		};
/* End XCConfigurationList section */
	};
	rootObject = B61E3D691F3C0A900039DFE7 /* Project object */;
}
